
Microsoft Visual Studio Solution File, Format Version 12.00
# Visual Studio Version 17
VisualStudioVersion = 17.1.32210.238
MinimumVisualStudioVersion = 10.0.40219.1
Project("{FAE04EC0-301F-11D3-BF4B-00C04F79EFBC}") = "Tema01_academy", "Tema01_academy\Tema01_academy.csproj", "{3415F834-75C8-4AB3-A93B-2896D145CE06}"
EndProject
Project("{2150E333-8FDC-42A3-9474-1A3956D46DE8}") = "Tema 01 - C Advanced", "Tema 01 - C Advanced", "{C5F28DD5-326D-48C2-B165-BDAD460E70DB}"
EndProject
Global
	GlobalSection(SolutionConfigurationPlatforms) = preSolution
		Debug|Any CPU = Debug|Any CPU
		Release|Any CPU = Release|Any CPU
	EndGlobalSection
	GlobalSection(ProjectConfigurationPlatforms) = postSolution
		{3415F834-75C8-4AB3-A93B-2896D145CE06}.Debug|Any CPU.ActiveCfg = Debug|Any CPU
		{3415F834-75C8-4AB3-A93B-2896D145CE06}.Debug|Any CPU.Build.0 = Debug|Any CPU
		{3415F834-75C8-4AB3-A93B-2896D145CE06}.Release|Any CPU.ActiveCfg = Release|Any CPU
		{3415F834-75C8-4AB3-A93B-2896D145CE06}.Release|Any CPU.Build.0 = Release|Any CPU
	EndGlobalSection
	GlobalSection(SolutionProperties) = preSolution
		HideSolutionNode = FALSE
	EndGlobalSection
	GlobalSection(NestedProjects) = preSolution
		{3415F834-75C8-4AB3-A93B-2896D145CE06} = {C5F28DD5-326D-48C2-B165-BDAD460E70DB}
	EndGlobalSection
	GlobalSection(ExtensibilityGlobals) = postSolution
		SolutionGuid = {CC6964CB-4E11-4097-B98D-64224ACFE338}
	EndGlobalSection
EndGlobal
